
Microsoft Visual Studio Solution File, Format Version 12.00
Project("{FAE04EC0-301F-11D3-BF4B-00C04F79EFBC}") = "Tracer", "Tracer\Tracer.csproj", "{2677A1AB-0129-4E4B-8861-F0097898DCF3}"
EndProject
Project("{FAE04EC0-301F-11D3-BF4B-00C04F79EFBC}") = "App", "App\App.csproj", "{1CB9706F-67A8-4B22-8379-52856C6A35A2}"
EndProject
Global
	GlobalSection(SolutionConfigurationPlatforms) = preSolution
		Debug|Any CPU = Debug|Any CPU
		Release|Any CPU = Release|Any CPU
	EndGlobalSection
	GlobalSection(ProjectConfigurationPlatforms) = postSolution
		{2677A1AB-0129-4E4B-8861-F0097898DCF3}.Debug|Any CPU.ActiveCfg = Debug|Any CPU
		{2677A1AB-0129-4E4B-8861-F0097898DCF3}.Debug|Any CPU.Build.0 = Debug|Any CPU
		{2677A1AB-0129-4E4B-8861-F0097898DCF3}.Release|Any CPU.ActiveCfg = Release|Any CPU
		{2677A1AB-0129-4E4B-8861-F0097898DCF3}.Release|Any CPU.Build.0 = Release|Any CPU
		{1CB9706F-67A8-4B22-8379-52856C6A35A2}.Debug|Any CPU.ActiveCfg = Debug|Any CPU
		{1CB9706F-67A8-4B22-8379-52856C6A35A2}.Debug|Any CPU.Build.0 = Debug|Any CPU
		{1CB9706F-67A8-4B22-8379-52856C6A35A2}.Release|Any CPU.ActiveCfg = Release|Any CPU
		{1CB9706F-67A8-4B22-8379-52856C6A35A2}.Release|Any CPU.Build.0 = Release|Any CPU
	EndGlobalSection
EndGlobal
