
Microsoft Visual Studio Solution File, Format Version 12.00
Project("{FAE04EC0-301F-11D3-BF4B-00C04F79EFBC}") = "Dependency Injection Library", "Dependency Injection Library\Dependency Injection Library.csproj", "{B2FBD7B2-B617-4B2F-93CE-C2018C5FAF99}"
EndProject
Project("{FAE04EC0-301F-11D3-BF4B-00C04F79EFBC}") = "Dependency Injection Tests", "Dependency Injection Tests\Dependency Injection Tests.csproj", "{4999D759-F347-413E-8E5F-DBB1AE158C67}"
EndProject
Global
	GlobalSection(SolutionConfigurationPlatforms) = preSolution
		Debug|Any CPU = Debug|Any CPU
		Release|Any CPU = Release|Any CPU
	EndGlobalSection
	GlobalSection(ProjectConfigurationPlatforms) = postSolution
		{4999D759-F347-413E-8E5F-DBB1AE158C67}.Debug|Any CPU.ActiveCfg = Debug|Any CPU
		{4999D759-F347-413E-8E5F-DBB1AE158C67}.Debug|Any CPU.Build.0 = Debug|Any CPU
		{4999D759-F347-413E-8E5F-DBB1AE158C67}.Release|Any CPU.ActiveCfg = Release|Any CPU
		{4999D759-F347-413E-8E5F-DBB1AE158C67}.Release|Any CPU.Build.0 = Release|Any CPU
	EndGlobalSection
EndGlobal
